
Microsoft Visual Studio Solution File, Format Version 12.00
# Visual Studio 15
VisualStudioVersion = 15.0.28307.271
MinimumVisualStudioVersion = 10.0.40219.1
Project("{9A19103F-16F7-4668-BE54-9A1E7A4F7556}") = "DynamicServices", "DynamicServices\DynamicServices.csproj", "{F8452DDB-5F24-44C5-8F15-BDA99BFE5158}"
EndProject
Project("{9A19103F-16F7-4668-BE54-9A1E7A4F7556}") = "DynamicServices.Tests", "DynamicServices.Tests\DynamicServices.Tests.csproj", "{F1C3864D-9946-4C50-BE66-9995B76D58E6}"
EndProject
Global
	GlobalSection(SolutionConfigurationPlatforms) = preSolution
		Debug|Any CPU = Debug|Any CPU
		Release|Any CPU = Release|Any CPU
	EndGlobalSection
	GlobalSection(ProjectConfigurationPlatforms) = postSolution
		{F8452DDB-5F24-44C5-8F15-BDA99BFE5158}.Debug|Any CPU.ActiveCfg = Debug|Any CPU
		{F8452DDB-5F24-44C5-8F15-BDA99BFE5158}.Debug|Any CPU.Build.0 = Debug|Any CPU
		{F8452DDB-5F24-44C5-8F15-BDA99BFE5158}.Release|Any CPU.ActiveCfg = Release|Any CPU
		{F8452DDB-5F24-44C5-8F15-BDA99BFE5158}.Release|Any CPU.Build.0 = Release|Any CPU
		{F1C3864D-9946-4C50-BE66-9995B76D58E6}.Debug|Any CPU.ActiveCfg = Debug|Any CPU
		{F1C3864D-9946-4C50-BE66-9995B76D58E6}.Debug|Any CPU.Build.0 = Debug|Any CPU
		{F1C3864D-9946-4C50-BE66-9995B76D58E6}.Release|Any CPU.ActiveCfg = Release|Any CPU
		{F1C3864D-9946-4C50-BE66-9995B76D58E6}.Release|Any CPU.Build.0 = Release|Any CPU
	EndGlobalSection
	GlobalSection(SolutionProperties) = preSolution
		HideSolutionNode = FALSE
	EndGlobalSection
	GlobalSection(ExtensibilityGlobals) = postSolution
		SolutionGuid = {7F9B6E8D-4157-4DA8-9E5E-7DACD421995A}
	EndGlobalSection
EndGlobal
